
Microsoft Visual Studio Solution File, Format Version 12.00
# Visual Studio 2013
VisualStudioVersion = 12.0.21005.1
MinimumVisualStudioVersion = 10.0.40219.1
Project("{2150E333-8FDC-42A3-9474-1A3956D46DE8}") = "Contract", "Contract", "{4F6D9548-92EA-452E-A713-AADE6C389AE6}"
EndProject
Project("{2150E333-8FDC-42A3-9474-1A3956D46DE8}") = "UI", "UI", "{361FC69F-821B-42C3-8A58-BE4CC59138FB}"
EndProject
Project("{2150E333-8FDC-42A3-9474-1A3956D46DE8}") = "Service", "Service", "{E4640B09-F1A4-406F-AFC7-9627938B7F51}"
EndProject
Project("{2150E333-8FDC-42A3-9474-1A3956D46DE8}") = "DataModel", "DataModel", "{659E9DB0-C964-494D-860F-C3ACA87B5964}"
EndProject
Project("{2150E333-8FDC-42A3-9474-1A3956D46DE8}") = "Common", "Common", "{2B9E7199-F5A1-401C-933D-80A06805048C}"
EndProject
Project("{2150E333-8FDC-42A3-9474-1A3956D46DE8}") = "BLL", "BLL", "{1E1303FA-FCE9-4EA0-BB25-DCD45A22E46D}"
EndProject
Project("{2150E333-8FDC-42A3-9474-1A3956D46DE8}") = "SharedLibs", "SharedLibs", "{602BD9DD-0E1D-4DF1-B600-A9FD19B50BF7}"
EndProject
Project("{2150E333-8FDC-42A3-9474-1A3956D46DE8}") = "Solution Items", "Solution Items", "{0CE9B836-8FC0-465A-93AF-65F3265C0027}"
	ProjectSection(SolutionItems) = preProject
		ecount.vsmdi = ecount.vsmdi
	EndProjectSection
EndProject
Project("{2150E333-8FDC-42A3-9474-1A3956D46DE8}") = "BLLTEST", "BLLTEST", "{AAFE7806-FF36-4288-A8C4-C5F55BC5A419}"
EndProject
Project("{2150E333-8FDC-42A3-9474-1A3956D46DE8}") = "ECountDB", "ECountDB", "{32E44BF0-0A7B-44BC-9FED-0FF4511680CC}"
EndProject
Project("{2150E333-8FDC-42A3-9474-1A3956D46DE8}") = "References", "References", "{EE2EF1A6-F82B-44A9-9F8E-06BE94928C98}"
	ProjectSection(SolutionItems) = preProject
		References\EFExtensions.dll = References\EFExtensions.dll
		References\ExcelTransfer.dll = References\ExcelTransfer.dll
		References\log4net.dll = References\log4net.dll
		References\Microsoft.Practices.EnterpriseLibrary.Caching.dll = References\Microsoft.Practices.EnterpriseLibrary.Caching.dll
		References\Microsoft.Practices.EnterpriseLibrary.Common.dll = References\Microsoft.Practices.EnterpriseLibrary.Common.dll
		References\Microsoft.Practices.EnterpriseLibrary.Data.dll = References\Microsoft.Practices.EnterpriseLibrary.Data.dll
		References\Microsoft.Practices.EnterpriseLibrary.ExceptionHandling.dll = References\Microsoft.Practices.EnterpriseLibrary.ExceptionHandling.dll
		References\Microsoft.Practices.EnterpriseLibrary.ExceptionHandling.WCF.dll = References\Microsoft.Practices.EnterpriseLibrary.ExceptionHandling.WCF.dll
		References\Microsoft.Practices.EnterpriseLibrary.Logging.dll = References\Microsoft.Practices.EnterpriseLibrary.Logging.dll
		References\Microsoft.Practices.ObjectBuilder2.dll = References\Microsoft.Practices.ObjectBuilder2.dll
		References\Microsoft.Practices.Unity.dll = References\Microsoft.Practices.Unity.dll
		References\SCS.Web.UI.WebControls.Toolbar.dll = References\SCS.Web.UI.WebControls.Toolbar.dll
	EndProjectSection
EndProject
Project("{2150E333-8FDC-42A3-9474-1A3956D46DE8}") = "UPG", "UPG", "{964B22E8-57EC-4919-AFDD-CEB05153433C}"
EndProject
Project("{FAE04EC0-301F-11D3-BF4B-00C04F79EFBC}") = "DataContract", "DataContract\DataContract.csproj", "{2DB97DE3-4F12-4808-8863-13D55C825754}"
EndProject
Project("{FAE04EC0-301F-11D3-BF4B-00C04F79EFBC}") = "ECountServiceHost", "ECountServiceHost\ECountServiceHost.csproj", "{5BD1BE82-042A-44E4-9EB2-4531E79365DD}"
EndProject
Project("{FAE04EC0-301F-11D3-BF4B-00C04F79EFBC}") = "ECountService", "ECountService\ECountService.csproj", "{CC73F110-6892-4B7C-91E1-73EDDA9D264C}"
EndProject
Project("{E24C65DC-7377-472B-9ABA-BC803B73C61A}") = "ECountApp", "ECountApp", "{03992CE3-5C40-4F73-8374-DC30CA91C632}"
	ProjectSection(WebsiteProperties) = preProject
		SccProjectName = "SAK"
		SccAuxPath = "SAK"
		SccLocalPath = "SAK"
		SccProvider = "SAK"
		TargetFrameworkMoniker = ".NETFramework,Version%3Dv3.5"
		ProjectReferences = "{31DF42B5-EA50-4AE5-B77D-47AA4E295BD4}|SGM.Common.Exception.dll;{759C20F6-9962-4C8D-BF7C-3A689D3A2C3E}|ServiceContract.dll;{9BEB945F-B162-4096-B55E-01B4A3B24950}|ECountDataModel.dll;{22472535-3FCF-4739-8A8E-8BCC5F73FDB6}|ECountBLL.dll;{6BD810A4-8545-4703-8B4D-2B098216A049}|SGM.Common.Utility.dll;{EA5CF016-CFD7-41EE-9BB5-D1F4DEB408A1}|SGM.Common.Cache.dll;{A2E4F121-F9E4-43E8-8BAD-AD8FBD17BFB6}|ExcelTransfer.dll;{CC73F110-6892-4B7C-91E1-73EDDA9D264C}|ECountService.dll;{BB27CA62-155C-44C8-BE78-6ED7E40E8016}|SGM.ECountJQ.UPG.BLL.dll;"
		Debug.AspNetCompiler.VirtualPath = "/ECountApp"
		Debug.AspNetCompiler.PhysicalPath = "ECountApp\"
		Debug.AspNetCompiler.TargetPath = "PrecompiledWeb\ECountApp\"
		Debug.AspNetCompiler.Updateable = "true"
		Debug.AspNetCompiler.ForceOverwrite = "true"
		Debug.AspNetCompiler.FixedNames = "false"
		Debug.AspNetCompiler.Debug = "True"
		Release.AspNetCompiler.VirtualPath = "/ECountApp"
		Release.AspNetCompiler.PhysicalPath = "ECountApp\"
		Release.AspNetCompiler.TargetPath = "PrecompiledWeb\ECountApp\"
		Release.AspNetCompiler.Updateable = "true"
		Release.AspNetCompiler.ForceOverwrite = "true"
		Release.AspNetCompiler.FixedNames = "false"
		Release.AspNetCompiler.Debug = "False"
		VWDPort = "3753"
		DefaultWebSiteLanguage = "Visual C#"
	EndProjectSection
EndProject
Project("{FAE04EC0-301F-11D3-BF4B-00C04F79EFBC}") = "ECountDataModel", "ECountDataModel\ECountDataModel.csproj", "{9BEB945F-B162-4096-B55E-01B4A3B24950}"
EndProject
Project("{FAE04EC0-301F-11D3-BF4B-00C04F79EFBC}") = "ServiceContract", "ServiceContract\ServiceContract.csproj", "{759C20F6-9962-4C8D-BF7C-3A689D3A2C3E}"
EndProject
Project("{FAE04EC0-301F-11D3-BF4B-00C04F79EFBC}") = "Log", "Log\Log.csproj", "{9F968795-1CFC-4346-9909-C57B74F8F9CA}"
EndProject
Project("{FAE04EC0-301F-11D3-BF4B-00C04F79EFBC}") = "Utility", "Utility\Utility.csproj", "{6BD810A4-8545-4703-8B4D-2B098216A049}"
EndProject
Project("{FAE04EC0-301F-11D3-BF4B-00C04F79EFBC}") = "ECountBLL", "ECountBLL\ECountBLL.csproj", "{22472535-3FCF-4739-8A8E-8BCC5F73FDB6}"
EndProject
Project("{FAE04EC0-301F-11D3-BF4B-00C04F79EFBC}") = "MockService", "MockService\MockService.csproj", "{6EA931F6-8C5A-4BED-B566-EC380A2EC1DA}"
EndProject
Project("{FAE04EC0-301F-11D3-BF4B-00C04F79EFBC}") = "Exception", "Exception\Exception.csproj", "{31DF42B5-EA50-4AE5-B77D-47AA4E295BD4}"
EndProject
Project("{FAE04EC0-301F-11D3-BF4B-00C04F79EFBC}") = "BLLTest", "BLLTest\BLLTest.csproj", "{904F41B7-6584-42EC-A5FA-4E000C9806A3}"
EndProject
Project("{FAE04EC0-301F-11D3-BF4B-00C04F79EFBC}") = "CommonTest", "CommonTest\CommonTest.csproj", "{1919F20B-CADB-4327-A5AD-0FADFE8D73EF}"
EndProject
Project("{FAE04EC0-301F-11D3-BF4B-00C04F79EFBC}") = "Cache", "Cache\Cache.csproj", "{EA5CF016-CFD7-41EE-9BB5-D1F4DEB408A1}"
EndProject
Project("{FAE04EC0-301F-11D3-BF4B-00C04F79EFBC}") = "Toolbar", "UI.Components\Toolbar\Toolbar.csproj", "{8964357A-1279-4C6F-8E9D-86E551694D3F}"
EndProject
Project("{FAE04EC0-301F-11D3-BF4B-00C04F79EFBC}") = "ExcelTransfer", "ExcelTransfer\ExcelTransfer.csproj", "{A2E4F121-F9E4-43E8-8BAD-AD8FBD17BFB6}"
EndProject
Project("{FAE04EC0-301F-11D3-BF4B-00C04F79EFBC}") = "ExcelTransferTest", "ExcelTransferTest\ExcelTransferTest.csproj", "{61852D0E-0F49-4CFB-8318-90CCA59DA24E}"
EndProject
Project("{00D1A9C2-B5F0-4AF3-8072-F6C62B433612}") = "ECountDB", "ECountDB\ECountDB.dbproj", "{F6555031-2384-4466-A11E-831159FCA3EB}"
EndProject
Project("{FAE04EC0-301F-11D3-BF4B-00C04F79EFBC}") = "SGM.ECountJQ.UPG.Web", "UPG\SGM.EcountJQ.UPG.Web\SGM.ECountJQ.UPG.Web.csproj", "{BB18B7C7-ED27-4C62-A962-70C5DACA1705}"
EndProject
Project("{FAE04EC0-301F-11D3-BF4B-00C04F79EFBC}") = "SGM.ECountJQ.UPG.ServiceHost", "UPG\SGM.ECountJQ.UPG.ServiceHost\SGM.ECountJQ.UPG.ServiceHost.csproj", "{C005BEE9-6BFF-436C-BFF0-FF7F3EFEB35F}"
EndProject
Project("{FAE04EC0-301F-11D3-BF4B-00C04F79EFBC}") = "SGM.ECountJQ.UPG.BLL", "UPG\SGM.ECountJQ.UPG.BLL\SGM.ECountJQ.UPG.BLL.csproj", "{BB27CA62-155C-44C8-BE78-6ED7E40E8016}"
EndProject
Project("{FAE04EC0-301F-11D3-BF4B-00C04F79EFBC}") = "SGM.ECountJQ.UPG.ServiceContract", "UPG\SGM.ECountJQ.UPG.ServiceContract\SGM.ECountJQ.UPG.ServiceContract.csproj", "{48FC4E4E-EA3E-4CF5-AD89-89F189BD9EE7}"
EndProject
Project("{FAE04EC0-301F-11D3-BF4B-00C04F79EFBC}") = "SGM.ECountJQ.UPG.Service", "UPG\SGM.ECountJQ.UPG.Service\SGM.ECountJQ.UPG.Service.csproj", "{2446DF51-E943-43D3-BEEE-5320BF8D476A}"
EndProject
Project("{FAE04EC0-301F-11D3-BF4B-00C04F79EFBC}") = "SGM.ECountJQ.UPG.Test", "UPG\SGM.ECountJQ.UPG.Test\SGM.ECountJQ.UPG.Test.csproj", "{72D469CB-D071-4B6B-A6C4-3F3544FE57F5}"
EndProject
Global
	GlobalSection(TeamFoundationVersionControl) = preSolution
		SccNumberOfProjects = 25
		SccEnterpriseProvider = {4CA58AB2-18FA-4F8D-95D4-32DDF27D184C}
		SccTeamFoundationServer = http://sisqn309:8080/
		SccLocalPath0 = .
		SccProjectUniqueName1 = ECountDB\\ECountDB.dbproj
		SccProjectTopLevelParentUniqueName1 = ECountJQ.sln
		SccProjectName1 = ECountDB
		SccLocalPath1 = ECountDB
		SccProjectUniqueName2 = BLLTest\\BLLTest.csproj
		SccProjectTopLevelParentUniqueName2 = ECountJQ.sln
		SccProjectName2 = BLLTest
		SccLocalPath2 = BLLTest
		SccProjectUniqueName3 = Cache\\Cache.csproj
		SccProjectTopLevelParentUniqueName3 = ECountJQ.sln
		SccProjectName3 = Cache
		SccLocalPath3 = Cache
		SccProjectUniqueName4 = CommonTest\\CommonTest.csproj
		SccProjectTopLevelParentUniqueName4 = ECountJQ.sln
		SccProjectName4 = CommonTest
		SccLocalPath4 = CommonTest
		SccProjectUniqueName5 = DataContract\\DataContract.csproj
		SccProjectTopLevelParentUniqueName5 = ECountJQ.sln
		SccProjectName5 = DataContract
		SccLocalPath5 = DataContract
		SccWebProject6 = true
		SccProjectUniqueName6 = ECountApp
		SccProjectTopLevelParentUniqueName6 = ECountJQ.sln
		SccProjectName6 = ECountApp
		SccLocalPath6 = ECountApp
		SccProjectEnlistmentChoice6 = 2
		SccProjectUniqueName7 = ECountBLL\\ECountBLL.csproj
		SccProjectTopLevelParentUniqueName7 = ECountJQ.sln
		SccProjectName7 = ECountBLL
		SccLocalPath7 = ECountBLL
		SccProjectUniqueName8 = ECountDataModel\\ECountDataModel.csproj
		SccProjectTopLevelParentUniqueName8 = ECountJQ.sln
		SccProjectName8 = ECountDataModel
		SccLocalPath8 = ECountDataModel
		SccProjectUniqueName9 = ECountService\\ECountService.csproj
		SccProjectTopLevelParentUniqueName9 = ECountJQ.sln
		SccProjectName9 = ECountService
		SccLocalPath9 = ECountService
		SccProjectUniqueName10 = ECountServiceHost\\ECountServiceHost.csproj
		SccProjectTopLevelParentUniqueName10 = ECountJQ.sln
		SccProjectName10 = ECountServiceHost
		SccLocalPath10 = ECountServiceHost
		SccProjectUniqueName11 = ExcelTransfer\\ExcelTransfer.csproj
		SccProjectTopLevelParentUniqueName11 = ECountJQ.sln
		SccProjectName11 = ExcelTransfer
		SccLocalPath11 = ExcelTransfer
		SccProjectUniqueName12 = ExcelTransferTest\\ExcelTransferTest.csproj
		SccProjectTopLevelParentUniqueName12 = ECountJQ.sln
		SccProjectName12 = ExcelTransferTest
		SccLocalPath12 = ExcelTransferTest
		SccProjectUniqueName13 = Exception\\Exception.csproj
		SccProjectTopLevelParentUniqueName13 = ECountJQ.sln
		SccProjectName13 = Exception
		SccLocalPath13 = Exception
		SccProjectUniqueName14 = Log\\Log.csproj
		SccProjectTopLevelParentUniqueName14 = ECountJQ.sln
		SccProjectName14 = Log
		SccLocalPath14 = Log
		SccProjectUniqueName15 = MockService\\MockService.csproj
		SccProjectTopLevelParentUniqueName15 = ECountJQ.sln
		SccProjectName15 = MockService
		SccLocalPath15 = MockService
		SccProjectUniqueName16 = ServiceContract\\ServiceContract.csproj
		SccProjectTopLevelParentUniqueName16 = ECountJQ.sln
		SccProjectName16 = ServiceContract
		SccLocalPath16 = ServiceContract
		SccProjectUniqueName17 = UI.Components\\Toolbar\\Toolbar.csproj
		SccProjectTopLevelParentUniqueName17 = ECountJQ.sln
		SccProjectName17 = UI.Components/Toolbar
		SccLocalPath17 = UI.Components\\Toolbar
		SccProjectUniqueName18 = Utility\\Utility.csproj
		SccProjectTopLevelParentUniqueName18 = ECountJQ.sln
		SccProjectName18 = Utility
		SccLocalPath18 = Utility
		SccProjectUniqueName19 = UPG\\SGM.EcountJQ.UPG.Web\\SGM.ECountJQ.UPG.Web.csproj
		SccProjectTopLevelParentUniqueName19 = ECountJQ.sln
		SccProjectName19 = UPG/SGM.EcountJQ.UPG.Web
		SccLocalPath19 = UPG\\SGM.EcountJQ.UPG.Web
		SccProjectUniqueName20 = UPG\\SGM.ECountJQ.UPG.ServiceHost\\SGM.ECountJQ.UPG.ServiceHost.csproj
		SccProjectTopLevelParentUniqueName20 = ECountJQ.sln
		SccProjectName20 = UPG/SGM.ECountJQ.UPG.ServiceHost
		SccLocalPath20 = UPG\\SGM.ECountJQ.UPG.ServiceHost
		SccProjectUniqueName21 = UPG\\SGM.ECountJQ.UPG.BLL\\SGM.ECountJQ.UPG.BLL.csproj
		SccProjectTopLevelParentUniqueName21 = ECountJQ.sln
		SccProjectName21 = UPG/SGM.ECountJQ.UPG.BLL
		SccLocalPath21 = UPG\\SGM.ECountJQ.UPG.BLL
		SccProjectUniqueName22 = UPG\\SGM.ECountJQ.UPG.ServiceContract\\SGM.ECountJQ.UPG.ServiceContract.csproj
		SccProjectTopLevelParentUniqueName22 = ECountJQ.sln
		SccProjectName22 = UPG/SGM.ECountJQ.UPG.ServiceContract
		SccLocalPath22 = UPG\\SGM.ECountJQ.UPG.ServiceContract
		SccProjectUniqueName23 = UPG\\SGM.ECountJQ.UPG.Service\\SGM.ECountJQ.UPG.Service.csproj
		SccProjectTopLevelParentUniqueName23 = ECountJQ.sln
		SccProjectName23 = UPG/SGM.ECountJQ.UPG.Service
		SccLocalPath23 = UPG\\SGM.ECountJQ.UPG.Service
		SccProjectUniqueName24 = UPG\\SGM.ECountJQ.UPG.Test\\SGM.ECountJQ.UPG.Test.csproj
		SccProjectTopLevelParentUniqueName24 = ECountJQ.sln
		SccProjectName24 = UPG/SGM.ECountJQ.UPG.Test
		SccLocalPath24 = UPG\\SGM.ECountJQ.UPG.Test
	EndGlobalSection
	GlobalSection(SolutionConfigurationPlatforms) = preSolution
		Debug|Any CPU = Debug|Any CPU
		Debug|Mixed Platforms = Debug|Mixed Platforms
		Debug|x86 = Debug|x86
		Default|Any CPU = Default|Any CPU
		Default|Mixed Platforms = Default|Mixed Platforms
		Default|x86 = Default|x86
		Release|Any CPU = Release|Any CPU
		Release|Mixed Platforms = Release|Mixed Platforms
		Release|x86 = Release|x86
	EndGlobalSection
	GlobalSection(ProjectConfigurationPlatforms) = postSolution
		{2DB97DE3-4F12-4808-8863-13D55C825754}.Debug|Any CPU.ActiveCfg = Debug|Any CPU
		{2DB97DE3-4F12-4808-8863-13D55C825754}.Debug|Any CPU.Build.0 = Debug|Any CPU
		{2DB97DE3-4F12-4808-8863-13D55C825754}.Debug|Mixed Platforms.ActiveCfg = Debug|Any CPU
		{2DB97DE3-4F12-4808-8863-13D55C825754}.Debug|Mixed Platforms.Build.0 = Debug|Any CPU
		{2DB97DE3-4F12-4808-8863-13D55C825754}.Debug|x86.ActiveCfg = Debug|Any CPU
		{2DB97DE3-4F12-4808-8863-13D55C825754}.Default|Any CPU.ActiveCfg = Debug|Any CPU
		{2DB97DE3-4F12-4808-8863-13D55C825754}.Default|Any CPU.Build.0 = Debug|Any CPU
		{2DB97DE3-4F12-4808-8863-13D55C825754}.Default|Mixed Platforms.ActiveCfg = Debug|Any CPU
		{2DB97DE3-4F12-4808-8863-13D55C825754}.Default|Mixed Platforms.Build.0 = Debug|Any CPU
		{2DB97DE3-4F12-4808-8863-13D55C825754}.Default|x86.ActiveCfg = Debug|Any CPU
		{2DB97DE3-4F12-4808-8863-13D55C825754}.Release|Any CPU.ActiveCfg = Release|Any CPU
		{2DB97DE3-4F12-4808-8863-13D55C825754}.Release|Any CPU.Build.0 = Release|Any CPU
		{2DB97DE3-4F12-4808-8863-13D55C825754}.Release|Mixed Platforms.ActiveCfg = Release|Any CPU
		{2DB97DE3-4F12-4808-8863-13D55C825754}.Release|Mixed Platforms.Build.0 = Release|Any CPU
		{2DB97DE3-4F12-4808-8863-13D55C825754}.Release|x86.ActiveCfg = Release|Any CPU
		{5BD1BE82-042A-44E4-9EB2-4531E79365DD}.Debug|Any CPU.ActiveCfg = Debug|Any CPU
		{5BD1BE82-042A-44E4-9EB2-4531E79365DD}.Debug|Any CPU.Build.0 = Debug|Any CPU
		{5BD1BE82-042A-44E4-9EB2-4531E79365DD}.Debug|Mixed Platforms.ActiveCfg = Debug|Any CPU
		{5BD1BE82-042A-44E4-9EB2-4531E79365DD}.Debug|Mixed Platforms.Build.0 = Debug|Any CPU
		{5BD1BE82-042A-44E4-9EB2-4531E79365DD}.Debug|x86.ActiveCfg = Debug|Any CPU
		{5BD1BE82-042A-44E4-9EB2-4531E79365DD}.Default|Any CPU.ActiveCfg = Debug|Any CPU
		{5BD1BE82-042A-44E4-9EB2-4531E79365DD}.Default|Any CPU.Build.0 = Debug|Any CPU
		{5BD1BE82-042A-44E4-9EB2-4531E79365DD}.Default|Mixed Platforms.ActiveCfg = Debug|Any CPU
		{5BD1BE82-042A-44E4-9EB2-4531E79365DD}.Default|Mixed Platforms.Build.0 = Debug|Any CPU
		{5BD1BE82-042A-44E4-9EB2-4531E79365DD}.Default|x86.ActiveCfg = Debug|Any CPU
		{5BD1BE82-042A-44E4-9EB2-4531E79365DD}.Release|Any CPU.ActiveCfg = Release|Any CPU
		{5BD1BE82-042A-44E4-9EB2-4531E79365DD}.Release|Any CPU.Build.0 = Release|Any CPU
		{5BD1BE82-042A-44E4-9EB2-4531E79365DD}.Release|Mixed Platforms.ActiveCfg = Release|Any CPU
		{5BD1BE82-042A-44E4-9EB2-4531E79365DD}.Release|Mixed Platforms.Build.0 = Release|Any CPU
		{5BD1BE82-042A-44E4-9EB2-4531E79365DD}.Release|x86.ActiveCfg = Release|Any CPU
		{CC73F110-6892-4B7C-91E1-73EDDA9D264C}.Debug|Any CPU.ActiveCfg = Debug|Any CPU
		{CC73F110-6892-4B7C-91E1-73EDDA9D264C}.Debug|Any CPU.Build.0 = Debug|Any CPU
		{CC73F110-6892-4B7C-91E1-73EDDA9D264C}.Debug|Mixed Platforms.ActiveCfg = Debug|Any CPU
		{CC73F110-6892-4B7C-91E1-73EDDA9D264C}.Debug|Mixed Platforms.Build.0 = Debug|Any CPU
		{CC73F110-6892-4B7C-91E1-73EDDA9D264C}.Debug|x86.ActiveCfg = Debug|Any CPU
		{CC73F110-6892-4B7C-91E1-73EDDA9D264C}.Default|Any CPU.ActiveCfg = Debug|Any CPU
		{CC73F110-6892-4B7C-91E1-73EDDA9D264C}.Default|Any CPU.Build.0 = Debug|Any CPU
		{CC73F110-6892-4B7C-91E1-73EDDA9D264C}.Default|Mixed Platforms.ActiveCfg = Debug|Any CPU
		{CC73F110-6892-4B7C-91E1-73EDDA9D264C}.Default|Mixed Platforms.Build.0 = Debug|Any CPU
		{CC73F110-6892-4B7C-91E1-73EDDA9D264C}.Default|x86.ActiveCfg = Debug|Any CPU
		{CC73F110-6892-4B7C-91E1-73EDDA9D264C}.Release|Any CPU.ActiveCfg = Release|Any CPU
		{CC73F110-6892-4B7C-91E1-73EDDA9D264C}.Release|Any CPU.Build.0 = Release|Any CPU
		{CC73F110-6892-4B7C-91E1-73EDDA9D264C}.Release|Mixed Platforms.ActiveCfg = Release|Any CPU
		{CC73F110-6892-4B7C-91E1-73EDDA9D264C}.Release|Mixed Platforms.Build.0 = Release|Any CPU
		{CC73F110-6892-4B7C-91E1-73EDDA9D264C}.Release|x86.ActiveCfg = Release|Any CPU
		{03992CE3-5C40-4F73-8374-DC30CA91C632}.Debug|Any CPU.ActiveCfg = Debug|Any CPU
		{03992CE3-5C40-4F73-8374-DC30CA91C632}.Debug|Any CPU.Build.0 = Debug|Any CPU
		{03992CE3-5C40-4F73-8374-DC30CA91C632}.Debug|Mixed Platforms.ActiveCfg = Debug|Any CPU
		{03992CE3-5C40-4F73-8374-DC30CA91C632}.Debug|Mixed Platforms.Build.0 = Debug|Any CPU
		{03992CE3-5C40-4F73-8374-DC30CA91C632}.Debug|x86.ActiveCfg = Debug|Any CPU
		{03992CE3-5C40-4F73-8374-DC30CA91C632}.Default|Any CPU.ActiveCfg = Debug|Any CPU
		{03992CE3-5C40-4F73-8374-DC30CA91C632}.Default|Any CPU.Build.0 = Debug|Any CPU
		{03992CE3-5C40-4F73-8374-DC30CA91C632}.Default|Mixed Platforms.ActiveCfg = Debug|Any CPU
		{03992CE3-5C40-4F73-8374-DC30CA91C632}.Default|Mixed Platforms.Build.0 = Debug|Any CPU
		{03992CE3-5C40-4F73-8374-DC30CA91C632}.Default|x86.ActiveCfg = Debug|Any CPU
		{03992CE3-5C40-4F73-8374-DC30CA91C632}.Release|Any CPU.ActiveCfg = Debug|Any CPU
		{03992CE3-5C40-4F73-8374-DC30CA91C632}.Release|Any CPU.Build.0 = Debug|Any CPU
		{03992CE3-5C40-4F73-8374-DC30CA91C632}.Release|Mixed Platforms.ActiveCfg = Debug|Any CPU
		{03992CE3-5C40-4F73-8374-DC30CA91C632}.Release|Mixed Platforms.Build.0 = Debug|Any CPU
		{03992CE3-5C40-4F73-8374-DC30CA91C632}.Release|x86.ActiveCfg = Debug|Any CPU
		{9BEB945F-B162-4096-B55E-01B4A3B24950}.Debug|Any CPU.ActiveCfg = Debug|Any CPU
		{9BEB945F-B162-4096-B55E-01B4A3B24950}.Debug|Any CPU.Build.0 = Debug|Any CPU
		{9BEB945F-B162-4096-B55E-01B4A3B24950}.Debug|Mixed Platforms.ActiveCfg = Debug|Any CPU
		{9BEB945F-B162-4096-B55E-01B4A3B24950}.Debug|Mixed Platforms.Build.0 = Debug|Any CPU
		{9BEB945F-B162-4096-B55E-01B4A3B24950}.Debug|x86.ActiveCfg = Debug|Any CPU
		{9BEB945F-B162-4096-B55E-01B4A3B24950}.Default|Any CPU.ActiveCfg = Debug|Any CPU
		{9BEB945F-B162-4096-B55E-01B4A3B24950}.Default|Any CPU.Build.0 = Debug|Any CPU
		{9BEB945F-B162-4096-B55E-01B4A3B24950}.Default|Mixed Platforms.ActiveCfg = Debug|Any CPU
		{9BEB945F-B162-4096-B55E-01B4A3B24950}.Default|Mixed Platforms.Build.0 = Debug|Any CPU
		{9BEB945F-B162-4096-B55E-01B4A3B24950}.Default|x86.ActiveCfg = Debug|Any CPU
		{9BEB945F-B162-4096-B55E-01B4A3B24950}.Release|Any CPU.ActiveCfg = Release|Any CPU
		{9BEB945F-B162-4096-B55E-01B4A3B24950}.Release|Any CPU.Build.0 = Release|Any CPU
		{9BEB945F-B162-4096-B55E-01B4A3B24950}.Release|Mixed Platforms.ActiveCfg = Release|Any CPU
		{9BEB945F-B162-4096-B55E-01B4A3B24950}.Release|Mixed Platforms.Build.0 = Release|Any CPU
		{9BEB945F-B162-4096-B55E-01B4A3B24950}.Release|x86.ActiveCfg = Release|Any CPU
		{759C20F6-9962-4C8D-BF7C-3A689D3A2C3E}.Debug|Any CPU.ActiveCfg = Debug|Any CPU
		{759C20F6-9962-4C8D-BF7C-3A689D3A2C3E}.Debug|Any CPU.Build.0 = Debug|Any CPU
		{759C20F6-9962-4C8D-BF7C-3A689D3A2C3E}.Debug|Mixed Platforms.ActiveCfg = Debug|Any CPU
		{759C20F6-9962-4C8D-BF7C-3A689D3A2C3E}.Debug|Mixed Platforms.Build.0 = Debug|Any CPU
		{759C20F6-9962-4C8D-BF7C-3A689D3A2C3E}.Debug|x86.ActiveCfg = Debug|Any CPU
		{759C20F6-9962-4C8D-BF7C-3A689D3A2C3E}.Default|Any CPU.ActiveCfg = Debug|Any CPU
		{759C20F6-9962-4C8D-BF7C-3A689D3A2C3E}.Default|Any CPU.Build.0 = Debug|Any CPU
		{759C20F6-9962-4C8D-BF7C-3A689D3A2C3E}.Default|Mixed Platforms.ActiveCfg = Debug|Any CPU
		{759C20F6-9962-4C8D-BF7C-3A689D3A2C3E}.Default|Mixed Platforms.Build.0 = Debug|Any CPU
		{759C20F6-9962-4C8D-BF7C-3A689D3A2C3E}.Default|x86.ActiveCfg = Debug|Any CPU
		{759C20F6-9962-4C8D-BF7C-3A689D3A2C3E}.Release|Any CPU.ActiveCfg = Release|Any CPU
		{759C20F6-9962-4C8D-BF7C-3A689D3A2C3E}.Release|Any CPU.Build.0 = Release|Any CPU
		{759C20F6-9962-4C8D-BF7C-3A689D3A2C3E}.Release|Mixed Platforms.ActiveCfg = Release|Any CPU
		{759C20F6-9962-4C8D-BF7C-3A689D3A2C3E}.Release|Mixed Platforms.Build.0 = Release|Any CPU
		{759C20F6-9962-4C8D-BF7C-3A689D3A2C3E}.Release|x86.ActiveCfg = Release|Any CPU
		{9F968795-1CFC-4346-9909-C57B74F8F9CA}.Debug|Any CPU.ActiveCfg = Debug|Any CPU
		{9F968795-1CFC-4346-9909-C57B74F8F9CA}.Debug|Any CPU.Build.0 = Debug|Any CPU
		{9F968795-1CFC-4346-9909-C57B74F8F9CA}.Debug|Mixed Platforms.ActiveCfg = Debug|Any CPU
		{9F968795-1CFC-4346-9909-C57B74F8F9CA}.Debug|Mixed Platforms.Build.0 = Debug|Any CPU
		{9F968795-1CFC-4346-9909-C57B74F8F9CA}.Debug|x86.ActiveCfg = Debug|Any CPU
		{9F968795-1CFC-4346-9909-C57B74F8F9CA}.Default|Any CPU.ActiveCfg = Debug|Any CPU
		{9F968795-1CFC-4346-9909-C57B74F8F9CA}.Default|Any CPU.Build.0 = Debug|Any CPU
		{9F968795-1CFC-4346-9909-C57B74F8F9CA}.Default|Mixed Platforms.ActiveCfg = Debug|Any CPU
		{9F968795-1CFC-4346-9909-C57B74F8F9CA}.Default|Mixed Platforms.Build.0 = Debug|Any CPU
		{9F968795-1CFC-4346-9909-C57B74F8F9CA}.Default|x86.ActiveCfg = Debug|Any CPU
		{9F968795-1CFC-4346-9909-C57B74F8F9CA}.Release|Any CPU.ActiveCfg = Release|Any CPU
		{9F968795-1CFC-4346-9909-C57B74F8F9CA}.Release|Any CPU.Build.0 = Release|Any CPU
		{9F968795-1CFC-4346-9909-C57B74F8F9CA}.Release|Mixed Platforms.ActiveCfg = Release|Any CPU
		{9F968795-1CFC-4346-9909-C57B74F8F9CA}.Release|Mixed Platforms.Build.0 = Release|Any CPU
		{9F968795-1CFC-4346-9909-C57B74F8F9CA}.Release|x86.ActiveCfg = Release|Any CPU
		{6BD810A4-8545-4703-8B4D-2B098216A049}.Debug|Any CPU.ActiveCfg = Debug|Any CPU
		{6BD810A4-8545-4703-8B4D-2B098216A049}.Debug|Any CPU.Build.0 = Debug|Any CPU
		{6BD810A4-8545-4703-8B4D-2B098216A049}.Debug|Mixed Platforms.ActiveCfg = Debug|Any CPU
		{6BD810A4-8545-4703-8B4D-2B098216A049}.Debug|Mixed Platforms.Build.0 = Debug|Any CPU
		{6BD810A4-8545-4703-8B4D-2B098216A049}.Debug|x86.ActiveCfg = Debug|Any CPU
		{6BD810A4-8545-4703-8B4D-2B098216A049}.Default|Any CPU.ActiveCfg = Debug|Any CPU
		{6BD810A4-8545-4703-8B4D-2B098216A049}.Default|Any CPU.Build.0 = Debug|Any CPU
		{6BD810A4-8545-4703-8B4D-2B098216A049}.Default|Mixed Platforms.ActiveCfg = Debug|Any CPU
		{6BD810A4-8545-4703-8B4D-2B098216A049}.Default|Mixed Platforms.Build.0 = Debug|Any CPU
		{6BD810A4-8545-4703-8B4D-2B098216A049}.Default|x86.ActiveCfg = Debug|Any CPU
		{6BD810A4-8545-4703-8B4D-2B098216A049}.Release|Any CPU.ActiveCfg = Release|Any CPU
		{6BD810A4-8545-4703-8B4D-2B098216A049}.Release|Any CPU.Build.0 = Release|Any CPU
		{6BD810A4-8545-4703-8B4D-2B098216A049}.Release|Mixed Platforms.ActiveCfg = Release|Any CPU
		{6BD810A4-8545-4703-8B4D-2B098216A049}.Release|Mixed Platforms.Build.0 = Release|Any CPU
		{6BD810A4-8545-4703-8B4D-2B098216A049}.Release|x86.ActiveCfg = Release|Any CPU
		{22472535-3FCF-4739-8A8E-8BCC5F73FDB6}.Debug|Any CPU.ActiveCfg = Debug|Any CPU
		{22472535-3FCF-4739-8A8E-8BCC5F73FDB6}.Debug|Any CPU.Build.0 = Debug|Any CPU
		{22472535-3FCF-4739-8A8E-8BCC5F73FDB6}.Debug|Mixed Platforms.ActiveCfg = Debug|Any CPU
		{22472535-3FCF-4739-8A8E-8BCC5F73FDB6}.Debug|Mixed Platforms.Build.0 = Debug|Any CPU
		{22472535-3FCF-4739-8A8E-8BCC5F73FDB6}.Debug|x86.ActiveCfg = Debug|Any CPU
		{22472535-3FCF-4739-8A8E-8BCC5F73FDB6}.Default|Any CPU.ActiveCfg = Debug|Any CPU
		{22472535-3FCF-4739-8A8E-8BCC5F73FDB6}.Default|Any CPU.Build.0 = Debug|Any CPU
		{22472535-3FCF-4739-8A8E-8BCC5F73FDB6}.Default|Mixed Platforms.ActiveCfg = Debug|Any CPU
		{22472535-3FCF-4739-8A8E-8BCC5F73FDB6}.Default|Mixed Platforms.Build.0 = Debug|Any CPU
		{22472535-3FCF-4739-8A8E-8BCC5F73FDB6}.Default|x86.ActiveCfg = Debug|Any CPU
		{22472535-3FCF-4739-8A8E-8BCC5F73FDB6}.Release|Any CPU.ActiveCfg = Release|Any CPU
		{22472535-3FCF-4739-8A8E-8BCC5F73FDB6}.Release|Any CPU.Build.0 = Release|Any CPU
		{22472535-3FCF-4739-8A8E-8BCC5F73FDB6}.Release|Mixed Platforms.ActiveCfg = Release|Any CPU
		{22472535-3FCF-4739-8A8E-8BCC5F73FDB6}.Release|Mixed Platforms.Build.0 = Release|Any CPU
		{22472535-3FCF-4739-8A8E-8BCC5F73FDB6}.Release|x86.ActiveCfg = Release|Any CPU
		{6EA931F6-8C5A-4BED-B566-EC380A2EC1DA}.Debug|Any CPU.ActiveCfg = Debug|Any CPU
		{6EA931F6-8C5A-4BED-B566-EC380A2EC1DA}.Debug|Any CPU.Build.0 = Debug|Any CPU
		{6EA931F6-8C5A-4BED-B566-EC380A2EC1DA}.Debug|Mixed Platforms.ActiveCfg = Debug|Any CPU
		{6EA931F6-8C5A-4BED-B566-EC380A2EC1DA}.Debug|Mixed Platforms.Build.0 = Debug|Any CPU
		{6EA931F6-8C5A-4BED-B566-EC380A2EC1DA}.Debug|x86.ActiveCfg = Debug|Any CPU
		{6EA931F6-8C5A-4BED-B566-EC380A2EC1DA}.Default|Any CPU.ActiveCfg = Debug|Any CPU
		{6EA931F6-8C5A-4BED-B566-EC380A2EC1DA}.Default|Any CPU.Build.0 = Debug|Any CPU
		{6EA931F6-8C5A-4BED-B566-EC380A2EC1DA}.Default|Mixed Platforms.ActiveCfg = Debug|Any CPU
		{6EA931F6-8C5A-4BED-B566-EC380A2EC1DA}.Default|Mixed Platforms.Build.0 = Debug|Any CPU
		{6EA931F6-8C5A-4BED-B566-EC380A2EC1DA}.Default|x86.ActiveCfg = Debug|Any CPU
		{6EA931F6-8C5A-4BED-B566-EC380A2EC1DA}.Release|Any CPU.ActiveCfg = Release|Any CPU
		{6EA931F6-8C5A-4BED-B566-EC380A2EC1DA}.Release|Any CPU.Build.0 = Release|Any CPU
		{6EA931F6-8C5A-4BED-B566-EC380A2EC1DA}.Release|Mixed Platforms.ActiveCfg = Release|Any CPU
		{6EA931F6-8C5A-4BED-B566-EC380A2EC1DA}.Release|Mixed Platforms.Build.0 = Release|Any CPU
		{6EA931F6-8C5A-4BED-B566-EC380A2EC1DA}.Release|x86.ActiveCfg = Release|Any CPU
		{31DF42B5-EA50-4AE5-B77D-47AA4E295BD4}.Debug|Any CPU.ActiveCfg = Debug|Any CPU
		{31DF42B5-EA50-4AE5-B77D-47AA4E295BD4}.Debug|Any CPU.Build.0 = Debug|Any CPU
		{31DF42B5-EA50-4AE5-B77D-47AA4E295BD4}.Debug|Mixed Platforms.ActiveCfg = Debug|Any CPU
		{31DF42B5-EA50-4AE5-B77D-47AA4E295BD4}.Debug|Mixed Platforms.Build.0 = Debug|Any CPU
		{31DF42B5-EA50-4AE5-B77D-47AA4E295BD4}.Debug|x86.ActiveCfg = Debug|Any CPU
		{31DF42B5-EA50-4AE5-B77D-47AA4E295BD4}.Default|Any CPU.ActiveCfg = Debug|Any CPU
		{31DF42B5-EA50-4AE5-B77D-47AA4E295BD4}.Default|Any CPU.Build.0 = Debug|Any CPU
		{31DF42B5-EA50-4AE5-B77D-47AA4E295BD4}.Default|Mixed Platforms.ActiveCfg = Debug|Any CPU
		{31DF42B5-EA50-4AE5-B77D-47AA4E295BD4}.Default|Mixed Platforms.Build.0 = Debug|Any CPU
		{31DF42B5-EA50-4AE5-B77D-47AA4E295BD4}.Default|x86.ActiveCfg = Debug|Any CPU
		{31DF42B5-EA50-4AE5-B77D-47AA4E295BD4}.Release|Any CPU.ActiveCfg = Release|Any CPU
		{31DF42B5-EA50-4AE5-B77D-47AA4E295BD4}.Release|Any CPU.Build.0 = Release|Any CPU
		{31DF42B5-EA50-4AE5-B77D-47AA4E295BD4}.Release|Mixed Platforms.ActiveCfg = Release|Any CPU
		{31DF42B5-EA50-4AE5-B77D-47AA4E295BD4}.Release|Mixed Platforms.Build.0 = Release|Any CPU
		{31DF42B5-EA50-4AE5-B77D-47AA4E295BD4}.Release|x86.ActiveCfg = Release|Any CPU
		{904F41B7-6584-42EC-A5FA-4E000C9806A3}.Debug|Any CPU.ActiveCfg = Debug|Any CPU
		{904F41B7-6584-42EC-A5FA-4E000C9806A3}.Debug|Mixed Platforms.ActiveCfg = Debug|Any CPU
		{904F41B7-6584-42EC-A5FA-4E000C9806A3}.Debug|x86.ActiveCfg = Debug|Any CPU
		{904F41B7-6584-42EC-A5FA-4E000C9806A3}.Default|Any CPU.ActiveCfg = Debug|Any CPU
		{904F41B7-6584-42EC-A5FA-4E000C9806A3}.Default|Any CPU.Build.0 = Debug|Any CPU
		{904F41B7-6584-42EC-A5FA-4E000C9806A3}.Default|Mixed Platforms.ActiveCfg = Debug|Any CPU
		{904F41B7-6584-42EC-A5FA-4E000C9806A3}.Default|Mixed Platforms.Build.0 = Debug|Any CPU
		{904F41B7-6584-42EC-A5FA-4E000C9806A3}.Default|x86.ActiveCfg = Debug|Any CPU
		{904F41B7-6584-42EC-A5FA-4E000C9806A3}.Release|Any CPU.ActiveCfg = Release|Any CPU
		{904F41B7-6584-42EC-A5FA-4E000C9806A3}.Release|Any CPU.Build.0 = Release|Any CPU
		{904F41B7-6584-42EC-A5FA-4E000C9806A3}.Release|Mixed Platforms.ActiveCfg = Release|Any CPU
		{904F41B7-6584-42EC-A5FA-4E000C9806A3}.Release|x86.ActiveCfg = Release|Any CPU
		{1919F20B-CADB-4327-A5AD-0FADFE8D73EF}.Debug|Any CPU.ActiveCfg = Debug|Any CPU
		{1919F20B-CADB-4327-A5AD-0FADFE8D73EF}.Debug|Mixed Platforms.ActiveCfg = Debug|Any CPU
		{1919F20B-CADB-4327-A5AD-0FADFE8D73EF}.Debug|x86.ActiveCfg = Debug|Any CPU
		{1919F20B-CADB-4327-A5AD-0FADFE8D73EF}.Default|Any CPU.ActiveCfg = Debug|Any CPU
		{1919F20B-CADB-4327-A5AD-0FADFE8D73EF}.Default|Any CPU.Build.0 = Debug|Any CPU
		{1919F20B-CADB-4327-A5AD-0FADFE8D73EF}.Default|Mixed Platforms.ActiveCfg = Debug|Any CPU
		{1919F20B-CADB-4327-A5AD-0FADFE8D73EF}.Default|Mixed Platforms.Build.0 = Debug|Any CPU
		{1919F20B-CADB-4327-A5AD-0FADFE8D73EF}.Default|x86.ActiveCfg = Debug|Any CPU
		{1919F20B-CADB-4327-A5AD-0FADFE8D73EF}.Release|Any CPU.ActiveCfg = Release|Any CPU
		{1919F20B-CADB-4327-A5AD-0FADFE8D73EF}.Release|Any CPU.Build.0 = Release|Any CPU
		{1919F20B-CADB-4327-A5AD-0FADFE8D73EF}.Release|Mixed Platforms.ActiveCfg = Release|Any CPU
		{1919F20B-CADB-4327-A5AD-0FADFE8D73EF}.Release|Mixed Platforms.Build.0 = Release|Any CPU
		{1919F20B-CADB-4327-A5AD-0FADFE8D73EF}.Release|x86.ActiveCfg = Release|Any CPU
		{EA5CF016-CFD7-41EE-9BB5-D1F4DEB408A1}.Debug|Any CPU.ActiveCfg = Debug|Any CPU
		{EA5CF016-CFD7-41EE-9BB5-D1F4DEB408A1}.Debug|Any CPU.Build.0 = Debug|Any CPU
		{EA5CF016-CFD7-41EE-9BB5-D1F4DEB408A1}.Debug|Mixed Platforms.ActiveCfg = Debug|Any CPU
		{EA5CF016-CFD7-41EE-9BB5-D1F4DEB408A1}.Debug|Mixed Platforms.Build.0 = Debug|Any CPU
		{EA5CF016-CFD7-41EE-9BB5-D1F4DEB408A1}.Debug|x86.ActiveCfg = Debug|Any CPU
		{EA5CF016-CFD7-41EE-9BB5-D1F4DEB408A1}.Default|Any CPU.ActiveCfg = Debug|Any CPU
		{EA5CF016-CFD7-41EE-9BB5-D1F4DEB408A1}.Default|Any CPU.Build.0 = Debug|Any CPU
		{EA5CF016-CFD7-41EE-9BB5-D1F4DEB408A1}.Default|Mixed Platforms.ActiveCfg = Debug|Any CPU
		{EA5CF016-CFD7-41EE-9BB5-D1F4DEB408A1}.Default|Mixed Platforms.Build.0 = Debug|Any CPU
		{EA5CF016-CFD7-41EE-9BB5-D1F4DEB408A1}.Default|x86.ActiveCfg = Debug|Any CPU
		{EA5CF016-CFD7-41EE-9BB5-D1F4DEB408A1}.Release|Any CPU.ActiveCfg = Release|Any CPU
		{EA5CF016-CFD7-41EE-9BB5-D1F4DEB408A1}.Release|Any CPU.Build.0 = Release|Any CPU
		{EA5CF016-CFD7-41EE-9BB5-D1F4DEB408A1}.Release|Mixed Platforms.ActiveCfg = Release|Any CPU
		{EA5CF016-CFD7-41EE-9BB5-D1F4DEB408A1}.Release|Mixed Platforms.Build.0 = Release|Any CPU
		{EA5CF016-CFD7-41EE-9BB5-D1F4DEB408A1}.Release|x86.ActiveCfg = Release|Any CPU
		{8964357A-1279-4C6F-8E9D-86E551694D3F}.Debug|Any CPU.ActiveCfg = Debug|Any CPU
		{8964357A-1279-4C6F-8E9D-86E551694D3F}.Debug|Any CPU.Build.0 = Debug|Any CPU
		{8964357A-1279-4C6F-8E9D-86E551694D3F}.Debug|Mixed Platforms.ActiveCfg = Debug|Any CPU
		{8964357A-1279-4C6F-8E9D-86E551694D3F}.Debug|Mixed Platforms.Build.0 = Debug|Any CPU
		{8964357A-1279-4C6F-8E9D-86E551694D3F}.Debug|x86.ActiveCfg = Debug|Any CPU
		{8964357A-1279-4C6F-8E9D-86E551694D3F}.Default|Any CPU.ActiveCfg = Debug|Any CPU
		{8964357A-1279-4C6F-8E9D-86E551694D3F}.Default|Any CPU.Build.0 = Debug|Any CPU
		{8964357A-1279-4C6F-8E9D-86E551694D3F}.Default|Mixed Platforms.ActiveCfg = Debug|Any CPU
		{8964357A-1279-4C6F-8E9D-86E551694D3F}.Default|Mixed Platforms.Build.0 = Debug|Any CPU
		{8964357A-1279-4C6F-8E9D-86E551694D3F}.Default|x86.ActiveCfg = Debug|Any CPU
		{8964357A-1279-4C6F-8E9D-86E551694D3F}.Release|Any CPU.ActiveCfg = Release|Any CPU
		{8964357A-1279-4C6F-8E9D-86E551694D3F}.Release|Any CPU.Build.0 = Release|Any CPU
		{8964357A-1279-4C6F-8E9D-86E551694D3F}.Release|Mixed Platforms.ActiveCfg = Release|Any CPU
		{8964357A-1279-4C6F-8E9D-86E551694D3F}.Release|Mixed Platforms.Build.0 = Release|Any CPU
		{8964357A-1279-4C6F-8E9D-86E551694D3F}.Release|x86.ActiveCfg = Release|Any CPU
		{A2E4F121-F9E4-43E8-8BAD-AD8FBD17BFB6}.Debug|Any CPU.ActiveCfg = Debug|Any CPU
		{A2E4F121-F9E4-43E8-8BAD-AD8FBD17BFB6}.Debug|Any CPU.Build.0 = Debug|Any CPU
		{A2E4F121-F9E4-43E8-8BAD-AD8FBD17BFB6}.Debug|Mixed Platforms.ActiveCfg = Debug|Any CPU
		{A2E4F121-F9E4-43E8-8BAD-AD8FBD17BFB6}.Debug|Mixed Platforms.Build.0 = Debug|Any CPU
		{A2E4F121-F9E4-43E8-8BAD-AD8FBD17BFB6}.Debug|x86.ActiveCfg = Debug|Any CPU
		{A2E4F121-F9E4-43E8-8BAD-AD8FBD17BFB6}.Default|Any CPU.ActiveCfg = Debug|Any CPU
		{A2E4F121-F9E4-43E8-8BAD-AD8FBD17BFB6}.Default|Any CPU.Build.0 = Debug|Any CPU
		{A2E4F121-F9E4-43E8-8BAD-AD8FBD17BFB6}.Default|Mixed Platforms.ActiveCfg = Debug|Any CPU
		{A2E4F121-F9E4-43E8-8BAD-AD8FBD17BFB6}.Default|Mixed Platforms.Build.0 = Debug|Any CPU
		{A2E4F121-F9E4-43E8-8BAD-AD8FBD17BFB6}.Default|x86.ActiveCfg = Debug|Any CPU
		{A2E4F121-F9E4-43E8-8BAD-AD8FBD17BFB6}.Release|Any CPU.ActiveCfg = Release|Any CPU
		{A2E4F121-F9E4-43E8-8BAD-AD8FBD17BFB6}.Release|Any CPU.Build.0 = Release|Any CPU
		{A2E4F121-F9E4-43E8-8BAD-AD8FBD17BFB6}.Release|Mixed Platforms.ActiveCfg = Release|Any CPU
		{A2E4F121-F9E4-43E8-8BAD-AD8FBD17BFB6}.Release|Mixed Platforms.Build.0 = Release|Any CPU
		{A2E4F121-F9E4-43E8-8BAD-AD8FBD17BFB6}.Release|x86.ActiveCfg = Release|Any CPU
		{61852D0E-0F49-4CFB-8318-90CCA59DA24E}.Debug|Any CPU.ActiveCfg = Debug|Any CPU
		{61852D0E-0F49-4CFB-8318-90CCA59DA24E}.Debug|Any CPU.Build.0 = Debug|Any CPU
		{61852D0E-0F49-4CFB-8318-90CCA59DA24E}.Debug|Mixed Platforms.ActiveCfg = Debug|Any CPU
		{61852D0E-0F49-4CFB-8318-90CCA59DA24E}.Debug|x86.ActiveCfg = Debug|Any CPU
		{61852D0E-0F49-4CFB-8318-90CCA59DA24E}.Default|Any CPU.ActiveCfg = Debug|Any CPU
		{61852D0E-0F49-4CFB-8318-90CCA59DA24E}.Default|Any CPU.Build.0 = Debug|Any CPU
		{61852D0E-0F49-4CFB-8318-90CCA59DA24E}.Default|Mixed Platforms.ActiveCfg = Debug|Any CPU
		{61852D0E-0F49-4CFB-8318-90CCA59DA24E}.Default|Mixed Platforms.Build.0 = Debug|Any CPU
		{61852D0E-0F49-4CFB-8318-90CCA59DA24E}.Default|x86.ActiveCfg = Debug|Any CPU
		{61852D0E-0F49-4CFB-8318-90CCA59DA24E}.Release|Any CPU.ActiveCfg = Release|Any CPU
		{61852D0E-0F49-4CFB-8318-90CCA59DA24E}.Release|Any CPU.Build.0 = Release|Any CPU
		{61852D0E-0F49-4CFB-8318-90CCA59DA24E}.Release|Mixed Platforms.ActiveCfg = Release|Any CPU
		{61852D0E-0F49-4CFB-8318-90CCA59DA24E}.Release|Mixed Platforms.Build.0 = Release|Any CPU
		{61852D0E-0F49-4CFB-8318-90CCA59DA24E}.Release|x86.ActiveCfg = Release|Any CPU
		{F6555031-2384-4466-A11E-831159FCA3EB}.Debug|Any CPU.ActiveCfg = Default|Any CPU
		{F6555031-2384-4466-A11E-831159FCA3EB}.Debug|Any CPU.Build.0 = Default|Any CPU
		{F6555031-2384-4466-A11E-831159FCA3EB}.Debug|Any CPU.Deploy.0 = Default|Any CPU
		{F6555031-2384-4466-A11E-831159FCA3EB}.Debug|Mixed Platforms.ActiveCfg = Default|Any CPU
		{F6555031-2384-4466-A11E-831159FCA3EB}.Debug|x86.ActiveCfg = Default|Any CPU
		{F6555031-2384-4466-A11E-831159FCA3EB}.Default|Any CPU.ActiveCfg = Default|Any CPU
		{F6555031-2384-4466-A11E-831159FCA3EB}.Default|Any CPU.Build.0 = Default|Any CPU
		{F6555031-2384-4466-A11E-831159FCA3EB}.Default|Any CPU.Deploy.0 = Default|Any CPU
		{F6555031-2384-4466-A11E-831159FCA3EB}.Default|Mixed Platforms.ActiveCfg = Default|Any CPU
		{F6555031-2384-4466-A11E-831159FCA3EB}.Default|Mixed Platforms.Build.0 = Default|Any CPU
		{F6555031-2384-4466-A11E-831159FCA3EB}.Default|Mixed Platforms.Deploy.0 = Default|Any CPU
		{F6555031-2384-4466-A11E-831159FCA3EB}.Default|x86.ActiveCfg = Default|Any CPU
		{F6555031-2384-4466-A11E-831159FCA3EB}.Release|Any CPU.ActiveCfg = Default|Any CPU
		{F6555031-2384-4466-A11E-831159FCA3EB}.Release|Any CPU.Build.0 = Default|Any CPU
		{F6555031-2384-4466-A11E-831159FCA3EB}.Release|Any CPU.Deploy.0 = Default|Any CPU
		{F6555031-2384-4466-A11E-831159FCA3EB}.Release|Mixed Platforms.ActiveCfg = Default|Any CPU
		{F6555031-2384-4466-A11E-831159FCA3EB}.Release|Mixed Platforms.Build.0 = Default|Any CPU
		{F6555031-2384-4466-A11E-831159FCA3EB}.Release|Mixed Platforms.Deploy.0 = Default|Any CPU
		{F6555031-2384-4466-A11E-831159FCA3EB}.Release|x86.ActiveCfg = Default|Any CPU
		{BB18B7C7-ED27-4C62-A962-70C5DACA1705}.Debug|Any CPU.ActiveCfg = Debug|Any CPU
		{BB18B7C7-ED27-4C62-A962-70C5DACA1705}.Debug|Any CPU.Build.0 = Debug|Any CPU
		{BB18B7C7-ED27-4C62-A962-70C5DACA1705}.Debug|Mixed Platforms.ActiveCfg = Debug|Any CPU
		{BB18B7C7-ED27-4C62-A962-70C5DACA1705}.Debug|Mixed Platforms.Build.0 = Debug|Any CPU
		{BB18B7C7-ED27-4C62-A962-70C5DACA1705}.Debug|x86.ActiveCfg = Debug|Any CPU
		{BB18B7C7-ED27-4C62-A962-70C5DACA1705}.Default|Any CPU.ActiveCfg = Debug|Any CPU
		{BB18B7C7-ED27-4C62-A962-70C5DACA1705}.Default|Any CPU.Build.0 = Debug|Any CPU
		{BB18B7C7-ED27-4C62-A962-70C5DACA1705}.Default|Mixed Platforms.ActiveCfg = Debug|Any CPU
		{BB18B7C7-ED27-4C62-A962-70C5DACA1705}.Default|Mixed Platforms.Build.0 = Debug|Any CPU
		{BB18B7C7-ED27-4C62-A962-70C5DACA1705}.Default|x86.ActiveCfg = Debug|Any CPU
		{BB18B7C7-ED27-4C62-A962-70C5DACA1705}.Release|Any CPU.ActiveCfg = Release|Any CPU
		{BB18B7C7-ED27-4C62-A962-70C5DACA1705}.Release|Any CPU.Build.0 = Release|Any CPU
		{BB18B7C7-ED27-4C62-A962-70C5DACA1705}.Release|Mixed Platforms.ActiveCfg = Release|Any CPU
		{BB18B7C7-ED27-4C62-A962-70C5DACA1705}.Release|Mixed Platforms.Build.0 = Release|Any CPU
		{BB18B7C7-ED27-4C62-A962-70C5DACA1705}.Release|x86.ActiveCfg = Release|Any CPU
		{C005BEE9-6BFF-436C-BFF0-FF7F3EFEB35F}.Debug|Any CPU.ActiveCfg = Debug|x86
		{C005BEE9-6BFF-436C-BFF0-FF7F3EFEB35F}.Debug|Mixed Platforms.ActiveCfg = Debug|x86
		{C005BEE9-6BFF-436C-BFF0-FF7F3EFEB35F}.Debug|Mixed Platforms.Build.0 = Debug|x86
		{C005BEE9-6BFF-436C-BFF0-FF7F3EFEB35F}.Debug|x86.ActiveCfg = Debug|x86
		{C005BEE9-6BFF-436C-BFF0-FF7F3EFEB35F}.Debug|x86.Build.0 = Debug|x86
		{C005BEE9-6BFF-436C-BFF0-FF7F3EFEB35F}.Default|Any CPU.ActiveCfg = Debug|x86
		{C005BEE9-6BFF-436C-BFF0-FF7F3EFEB35F}.Default|Mixed Platforms.ActiveCfg = Debug|x86
		{C005BEE9-6BFF-436C-BFF0-FF7F3EFEB35F}.Default|Mixed Platforms.Build.0 = Debug|x86
		{C005BEE9-6BFF-436C-BFF0-FF7F3EFEB35F}.Default|x86.ActiveCfg = Debug|x86
		{C005BEE9-6BFF-436C-BFF0-FF7F3EFEB35F}.Default|x86.Build.0 = Debug|x86
		{C005BEE9-6BFF-436C-BFF0-FF7F3EFEB35F}.Release|Any CPU.ActiveCfg = Release|x86
		{C005BEE9-6BFF-436C-BFF0-FF7F3EFEB35F}.Release|Mixed Platforms.ActiveCfg = Release|x86
		{C005BEE9-6BFF-436C-BFF0-FF7F3EFEB35F}.Release|Mixed Platforms.Build.0 = Release|x86
		{C005BEE9-6BFF-436C-BFF0-FF7F3EFEB35F}.Release|x86.ActiveCfg = Release|x86
		{C005BEE9-6BFF-436C-BFF0-FF7F3EFEB35F}.Release|x86.Build.0 = Release|x86
		{BB27CA62-155C-44C8-BE78-6ED7E40E8016}.Debug|Any CPU.ActiveCfg = Debug|Any CPU
		{BB27CA62-155C-44C8-BE78-6ED7E40E8016}.Debug|Any CPU.Build.0 = Debug|Any CPU
		{BB27CA62-155C-44C8-BE78-6ED7E40E8016}.Debug|Mixed Platforms.ActiveCfg = Debug|Any CPU
		{BB27CA62-155C-44C8-BE78-6ED7E40E8016}.Debug|Mixed Platforms.Build.0 = Debug|Any CPU
		{BB27CA62-155C-44C8-BE78-6ED7E40E8016}.Debug|x86.ActiveCfg = Debug|Any CPU
		{BB27CA62-155C-44C8-BE78-6ED7E40E8016}.Default|Any CPU.ActiveCfg = Debug|Any CPU
		{BB27CA62-155C-44C8-BE78-6ED7E40E8016}.Default|Any CPU.Build.0 = Debug|Any CPU
		{BB27CA62-155C-44C8-BE78-6ED7E40E8016}.Default|Mixed Platforms.ActiveCfg = Debug|Any CPU
		{BB27CA62-155C-44C8-BE78-6ED7E40E8016}.Default|Mixed Platforms.Build.0 = Debug|Any CPU
		{BB27CA62-155C-44C8-BE78-6ED7E40E8016}.Default|x86.ActiveCfg = Debug|Any CPU
		{BB27CA62-155C-44C8-BE78-6ED7E40E8016}.Release|Any CPU.ActiveCfg = Release|Any CPU
		{BB27CA62-155C-44C8-BE78-6ED7E40E8016}.Release|Any CPU.Build.0 = Release|Any CPU
		{BB27CA62-155C-44C8-BE78-6ED7E40E8016}.Release|Mixed Platforms.ActiveCfg = Release|Any CPU
		{BB27CA62-155C-44C8-BE78-6ED7E40E8016}.Release|Mixed Platforms.Build.0 = Release|Any CPU
		{BB27CA62-155C-44C8-BE78-6ED7E40E8016}.Release|x86.ActiveCfg = Release|Any CPU
		{48FC4E4E-EA3E-4CF5-AD89-89F189BD9EE7}.Debug|Any CPU.ActiveCfg = Debug|Any CPU
		{48FC4E4E-EA3E-4CF5-AD89-89F189BD9EE7}.Debug|Any CPU.Build.0 = Debug|Any CPU
		{48FC4E4E-EA3E-4CF5-AD89-89F189BD9EE7}.Debug|Mixed Platforms.ActiveCfg = Debug|Any CPU
		{48FC4E4E-EA3E-4CF5-AD89-89F189BD9EE7}.Debug|Mixed Platforms.Build.0 = Debug|Any CPU
		{48FC4E4E-EA3E-4CF5-AD89-89F189BD9EE7}.Debug|x86.ActiveCfg = Debug|Any CPU
		{48FC4E4E-EA3E-4CF5-AD89-89F189BD9EE7}.Default|Any CPU.ActiveCfg = Debug|Any CPU
		{48FC4E4E-EA3E-4CF5-AD89-89F189BD9EE7}.Default|Any CPU.Build.0 = Debug|Any CPU
		{48FC4E4E-EA3E-4CF5-AD89-89F189BD9EE7}.Default|Mixed Platforms.ActiveCfg = Debug|Any CPU
		{48FC4E4E-EA3E-4CF5-AD89-89F189BD9EE7}.Default|Mixed Platforms.Build.0 = Debug|Any CPU
		{48FC4E4E-EA3E-4CF5-AD89-89F189BD9EE7}.Default|x86.ActiveCfg = Debug|Any CPU
		{48FC4E4E-EA3E-4CF5-AD89-89F189BD9EE7}.Release|Any CPU.ActiveCfg = Release|Any CPU
		{48FC4E4E-EA3E-4CF5-AD89-89F189BD9EE7}.Release|Any CPU.Build.0 = Release|Any CPU
		{48FC4E4E-EA3E-4CF5-AD89-89F189BD9EE7}.Release|Mixed Platforms.ActiveCfg = Release|Any CPU
		{48FC4E4E-EA3E-4CF5-AD89-89F189BD9EE7}.Release|Mixed Platforms.Build.0 = Release|Any CPU
		{48FC4E4E-EA3E-4CF5-AD89-89F189BD9EE7}.Release|x86.ActiveCfg = Release|Any CPU
		{2446DF51-E943-43D3-BEEE-5320BF8D476A}.Debug|Any CPU.ActiveCfg = Debug|Any CPU
		{2446DF51-E943-43D3-BEEE-5320BF8D476A}.Debug|Any CPU.Build.0 = Debug|Any CPU
		{2446DF51-E943-43D3-BEEE-5320BF8D476A}.Debug|Mixed Platforms.ActiveCfg = Debug|Any CPU
		{2446DF51-E943-43D3-BEEE-5320BF8D476A}.Debug|Mixed Platforms.Build.0 = Debug|Any CPU
		{2446DF51-E943-43D3-BEEE-5320BF8D476A}.Debug|x86.ActiveCfg = Debug|Any CPU
		{2446DF51-E943-43D3-BEEE-5320BF8D476A}.Default|Any CPU.ActiveCfg = Debug|Any CPU
		{2446DF51-E943-43D3-BEEE-5320BF8D476A}.Default|Any CPU.Build.0 = Debug|Any CPU
		{2446DF51-E943-43D3-BEEE-5320BF8D476A}.Default|Mixed Platforms.ActiveCfg = Debug|Any CPU
		{2446DF51-E943-43D3-BEEE-5320BF8D476A}.Default|Mixed Platforms.Build.0 = Debug|Any CPU
		{2446DF51-E943-43D3-BEEE-5320BF8D476A}.Default|x86.ActiveCfg = Debug|Any CPU
		{2446DF51-E943-43D3-BEEE-5320BF8D476A}.Release|Any CPU.ActiveCfg = Release|Any CPU
		{2446DF51-E943-43D3-BEEE-5320BF8D476A}.Release|Any CPU.Build.0 = Release|Any CPU
		{2446DF51-E943-43D3-BEEE-5320BF8D476A}.Release|Mixed Platforms.ActiveCfg = Release|Any CPU
		{2446DF51-E943-43D3-BEEE-5320BF8D476A}.Release|Mixed Platforms.Build.0 = Release|Any CPU
		{2446DF51-E943-43D3-BEEE-5320BF8D476A}.Release|x86.ActiveCfg = Release|Any CPU
		{72D469CB-D071-4B6B-A6C4-3F3544FE57F5}.Debug|Any CPU.ActiveCfg = Debug|x86
		{72D469CB-D071-4B6B-A6C4-3F3544FE57F5}.Debug|Mixed Platforms.ActiveCfg = Debug|x86
		{72D469CB-D071-4B6B-A6C4-3F3544FE57F5}.Debug|Mixed Platforms.Build.0 = Debug|x86
		{72D469CB-D071-4B6B-A6C4-3F3544FE57F5}.Debug|x86.ActiveCfg = Debug|x86
		{72D469CB-D071-4B6B-A6C4-3F3544FE57F5}.Debug|x86.Build.0 = Debug|x86
		{72D469CB-D071-4B6B-A6C4-3F3544FE57F5}.Default|Any CPU.ActiveCfg = Debug|x86
		{72D469CB-D071-4B6B-A6C4-3F3544FE57F5}.Default|Mixed Platforms.ActiveCfg = Debug|x86
		{72D469CB-D071-4B6B-A6C4-3F3544FE57F5}.Default|Mixed Platforms.Build.0 = Debug|x86
		{72D469CB-D071-4B6B-A6C4-3F3544FE57F5}.Default|x86.ActiveCfg = Debug|x86
		{72D469CB-D071-4B6B-A6C4-3F3544FE57F5}.Default|x86.Build.0 = Debug|x86
		{72D469CB-D071-4B6B-A6C4-3F3544FE57F5}.Release|Any CPU.ActiveCfg = Release|x86
		{72D469CB-D071-4B6B-A6C4-3F3544FE57F5}.Release|Mixed Platforms.ActiveCfg = Release|x86
		{72D469CB-D071-4B6B-A6C4-3F3544FE57F5}.Release|Mixed Platforms.Build.0 = Release|x86
		{72D469CB-D071-4B6B-A6C4-3F3544FE57F5}.Release|x86.ActiveCfg = Release|x86
		{72D469CB-D071-4B6B-A6C4-3F3544FE57F5}.Release|x86.Build.0 = Release|x86
	EndGlobalSection
	GlobalSection(SolutionProperties) = preSolution
		HideSolutionNode = FALSE
	EndGlobalSection
	GlobalSection(NestedProjects) = preSolution
		{2DB97DE3-4F12-4808-8863-13D55C825754} = {4F6D9548-92EA-452E-A713-AADE6C389AE6}
		{759C20F6-9962-4C8D-BF7C-3A689D3A2C3E} = {4F6D9548-92EA-452E-A713-AADE6C389AE6}
		{03992CE3-5C40-4F73-8374-DC30CA91C632} = {361FC69F-821B-42C3-8A58-BE4CC59138FB}
		{8964357A-1279-4C6F-8E9D-86E551694D3F} = {361FC69F-821B-42C3-8A58-BE4CC59138FB}
		{5BD1BE82-042A-44E4-9EB2-4531E79365DD} = {E4640B09-F1A4-406F-AFC7-9627938B7F51}
		{CC73F110-6892-4B7C-91E1-73EDDA9D264C} = {E4640B09-F1A4-406F-AFC7-9627938B7F51}
		{6EA931F6-8C5A-4BED-B566-EC380A2EC1DA} = {E4640B09-F1A4-406F-AFC7-9627938B7F51}
		{9BEB945F-B162-4096-B55E-01B4A3B24950} = {659E9DB0-C964-494D-860F-C3ACA87B5964}
		{9F968795-1CFC-4346-9909-C57B74F8F9CA} = {2B9E7199-F5A1-401C-933D-80A06805048C}
		{6BD810A4-8545-4703-8B4D-2B098216A049} = {2B9E7199-F5A1-401C-933D-80A06805048C}
		{31DF42B5-EA50-4AE5-B77D-47AA4E295BD4} = {2B9E7199-F5A1-401C-933D-80A06805048C}
		{1919F20B-CADB-4327-A5AD-0FADFE8D73EF} = {2B9E7199-F5A1-401C-933D-80A06805048C}
		{EA5CF016-CFD7-41EE-9BB5-D1F4DEB408A1} = {2B9E7199-F5A1-401C-933D-80A06805048C}
		{A2E4F121-F9E4-43E8-8BAD-AD8FBD17BFB6} = {2B9E7199-F5A1-401C-933D-80A06805048C}
		{61852D0E-0F49-4CFB-8318-90CCA59DA24E} = {2B9E7199-F5A1-401C-933D-80A06805048C}
		{0CE9B836-8FC0-465A-93AF-65F3265C0027} = {1E1303FA-FCE9-4EA0-BB25-DCD45A22E46D}
		{22472535-3FCF-4739-8A8E-8BCC5F73FDB6} = {1E1303FA-FCE9-4EA0-BB25-DCD45A22E46D}
		{904F41B7-6584-42EC-A5FA-4E000C9806A3} = {AAFE7806-FF36-4288-A8C4-C5F55BC5A419}
		{F6555031-2384-4466-A11E-831159FCA3EB} = {32E44BF0-0A7B-44BC-9FED-0FF4511680CC}
		{BB18B7C7-ED27-4C62-A962-70C5DACA1705} = {964B22E8-57EC-4919-AFDD-CEB05153433C}
		{C005BEE9-6BFF-436C-BFF0-FF7F3EFEB35F} = {964B22E8-57EC-4919-AFDD-CEB05153433C}
		{BB27CA62-155C-44C8-BE78-6ED7E40E8016} = {964B22E8-57EC-4919-AFDD-CEB05153433C}
		{48FC4E4E-EA3E-4CF5-AD89-89F189BD9EE7} = {964B22E8-57EC-4919-AFDD-CEB05153433C}
		{2446DF51-E943-43D3-BEEE-5320BF8D476A} = {964B22E8-57EC-4919-AFDD-CEB05153433C}
		{72D469CB-D071-4B6B-A6C4-3F3544FE57F5} = {964B22E8-57EC-4919-AFDD-CEB05153433C}
	EndGlobalSection
	GlobalSection(TestCaseManagementSettings) = postSolution
		CategoryFile = ECount.vsmdi
	EndGlobalSection
EndGlobal
